
Microsoft Visual Studio Solution File, Format Version 12.00
# Visual Studio Version 17
VisualStudioVersion = 17.5.002.0
MinimumVisualStudioVersion = 10.0.40219.1
Project("{9A19103F-16F7-4668-BE54-9A1E7A4F7556}") = "minimum_increment_to_make_array_unique", "minimum_increment_to_make_array_unique.csproj", "{5C20BA84-ABD4-4083-9659-B5D9BE62724F}"
EndProject
Global
	GlobalSection(SolutionConfigurationPlatforms) = preSolution
		Debug|Any CPU = Debug|Any CPU
		Release|Any CPU = Release|Any CPU
	EndGlobalSection
	GlobalSection(ProjectConfigurationPlatforms) = postSolution
		{5C20BA84-ABD4-4083-9659-B5D9BE62724F}.Debug|Any CPU.ActiveCfg = Debug|Any CPU
		{5C20BA84-ABD4-4083-9659-B5D9BE62724F}.Debug|Any CPU.Build.0 = Debug|Any CPU
		{5C20BA84-ABD4-4083-9659-B5D9BE62724F}.Release|Any CPU.ActiveCfg = Release|Any CPU
		{5C20BA84-ABD4-4083-9659-B5D9BE62724F}.Release|Any CPU.Build.0 = Release|Any CPU
	EndGlobalSection
	GlobalSection(SolutionProperties) = preSolution
		HideSolutionNode = FALSE
	EndGlobalSection
	GlobalSection(ExtensibilityGlobals) = postSolution
		SolutionGuid = {7EEF1523-DD8A-4580-9ABA-7A341E330C70}
	EndGlobalSection
EndGlobal
